
Microsoft Visual Studio Solution File, Format Version 12.00
# Visual Studio Version 17
VisualStudioVersion = 17.9.34728.123
MinimumVisualStudioVersion = 10.0.40219.1
Project("{2150E333-8FDC-42A3-9474-1A3956D46DE8}") = "src", "src", "{1406078C-0A4C-4BC5-B803-BBBB87EBF21C}"
EndProject
Project("{2150E333-8FDC-42A3-9474-1A3956D46DE8}") = "test", "test", "{A26FF115-E874-4BF6-B504-E509FE43C79E}"
EndProject
Project("{2150E333-8FDC-42A3-9474-1A3956D46DE8}") = "API", "API", "{E5C9F6C7-A6AD-4F33-A155-ADD12A472689}"
EndProject
Project("{2150E333-8FDC-42A3-9474-1A3956D46DE8}") = "UI", "UI", "{7B3AEFC4-5B6E-43C4-9111-C0211E6F5217}"
EndProject
Project("{2150E333-8FDC-42A3-9474-1A3956D46DE8}") = "Infrastructure", "Infrastructure", "{219AAD14-82C3-4856-9E89-16FCACF64E88}"
EndProject
Project("{2150E333-8FDC-42A3-9474-1A3956D46DE8}") = "Core", "Core", "{28A948C5-0703-49EB-BB91-8442A83A7077}"
EndProject
Project("{9A19103F-16F7-4668-BE54-9A1E7A4F7556}") = "Studolite.LeaveManagement.Domain", "Studolite.LeaveManagement.Domain\Studolite.LeaveManagement.Domain.csproj", "{4E612D0C-1FC0-4889-AD21-1B2C1D524DBC}"
EndProject
Project("{FAE04EC0-301F-11D3-BF4B-00C04F79EFBC}") = "Studolite.LeaveManagement.Application", "Studolite.LeaveManagement.Application\Studolite.LeaveManagement.Application.csproj", "{52DE4A09-5213-4230-99BC-9D597ED10DB5}"
EndProject
Global
	GlobalSection(SolutionConfigurationPlatforms) = preSolution
		Debug|Any CPU = Debug|Any CPU
		Release|Any CPU = Release|Any CPU
	EndGlobalSection
	GlobalSection(ProjectConfigurationPlatforms) = postSolution
		{4E612D0C-1FC0-4889-AD21-1B2C1D524DBC}.Debug|Any CPU.ActiveCfg = Debug|Any CPU
		{4E612D0C-1FC0-4889-AD21-1B2C1D524DBC}.Debug|Any CPU.Build.0 = Debug|Any CPU
		{4E612D0C-1FC0-4889-AD21-1B2C1D524DBC}.Release|Any CPU.ActiveCfg = Release|Any CPU
		{4E612D0C-1FC0-4889-AD21-1B2C1D524DBC}.Release|Any CPU.Build.0 = Release|Any CPU
		{52DE4A09-5213-4230-99BC-9D597ED10DB5}.Debug|Any CPU.ActiveCfg = Debug|Any CPU
		{52DE4A09-5213-4230-99BC-9D597ED10DB5}.Debug|Any CPU.Build.0 = Debug|Any CPU
		{52DE4A09-5213-4230-99BC-9D597ED10DB5}.Release|Any CPU.ActiveCfg = Release|Any CPU
		{52DE4A09-5213-4230-99BC-9D597ED10DB5}.Release|Any CPU.Build.0 = Release|Any CPU
	EndGlobalSection
	GlobalSection(SolutionProperties) = preSolution
		HideSolutionNode = FALSE
	EndGlobalSection
	GlobalSection(NestedProjects) = preSolution
		{E5C9F6C7-A6AD-4F33-A155-ADD12A472689} = {1406078C-0A4C-4BC5-B803-BBBB87EBF21C}
		{7B3AEFC4-5B6E-43C4-9111-C0211E6F5217} = {1406078C-0A4C-4BC5-B803-BBBB87EBF21C}
		{219AAD14-82C3-4856-9E89-16FCACF64E88} = {1406078C-0A4C-4BC5-B803-BBBB87EBF21C}
		{28A948C5-0703-49EB-BB91-8442A83A7077} = {1406078C-0A4C-4BC5-B803-BBBB87EBF21C}
		{4E612D0C-1FC0-4889-AD21-1B2C1D524DBC} = {28A948C5-0703-49EB-BB91-8442A83A7077}
		{52DE4A09-5213-4230-99BC-9D597ED10DB5} = {28A948C5-0703-49EB-BB91-8442A83A7077}
	EndGlobalSection
	GlobalSection(ExtensibilityGlobals) = postSolution
		SolutionGuid = {E0EFC592-F054-49F2-B234-54E066371462}
	EndGlobalSection
EndGlobal
